github.com/infobaleen/errors v0.0.0-20190205151731-9993ec22d166 h1:IYzepzamHXF6xUgZhrtBR4vEQ8iCWl22WrrA3t3aPro=
github.com/infobaleen/errors v0.0.0-20190205151731-9993ec22d166/go.mod h1:43OYbV/3onb+wVZi7hA76s2I1Av3YeM0L3fSMWlXfwM=
github.com/matryer/is v1.2.0 h1:92UTHpy8CDwaJ08GqLDzhhuixiBUUD1p3AU6PHddz4A=
github.com/matryer/is v1.2.0/go.mod h1:2fLPjFQM9rhQ15aVEtbuwhJinnOqrmgXPNdZsdwlWXA=
golang.org/x/sys v0.0.0-20190508100423-12bbe5a7a520 h1:5/ojcKo2vQ2eroPDFcBB9tuc4N42a5njs7UWP2jk3KU=
golang.org/x/sys v0.0.0-20190508100423-12bbe5a7a520/go.mod h1:h1NjWce9XRLGQEsW7wpKNCjG9DtNlClVuFLEZdDNbEs=
